Microsoft Visual Studio Solution File, Format Version 12.00
# Visual Studio Version 17
VisualStudioVersion = 17.10.35027.167
MinimumVisualStudioVersion = 10.0.40219.1
Project("{9A19103F-16F7-4668-BE54-9A1E7A4F7556}") = "Kagami", "Kagami.csproj", "{CAB6B0FE-9E58-468A-B92A-AC0A0DE106A2}"
EndProject
Project("{9A19103F-16F7-4668-BE54-9A1E7A4F7556}") = "Kagami.Playground", "Kagami.Playground\Kagami.Playground.csproj", "{1506FC9F-99BE-42CA-8131-8564C7C27C63}"
EndProject
Project("{FAE04EC0-301F-11D3-BF4B-00C04F79EFBC}") = "Kagami.Collections", "Source\Kagami.Collections\Kagami.Collections.csproj", "{BD63F325-2648-4AAC-B272-B8C6E136BC4C}"
EndProject
Project("{9A19103F-16F7-4668-BE54-9A1E7A4F7556}") = "Kagami.Drawing", "Source\Kagami.Drawing\Kagami.Drawing.csproj", "{EE16B29E-9FC8-4542-BD09-10A2B4265509}"
EndProject
Project("{9A19103F-16F7-4668-BE54-9A1E7A4F7556}") = "Kagami.IO", "Source\Kagami.IO\Kagami.IO.csproj", "{052CECE8-1AA2-43EC-A215-327A0B8AB99D}"
EndProject
Project("{9A19103F-16F7-4668-BE54-9A1E7A4F7556}") = "Kagami.Library", "Source\Kagami.Library\Kagami.Library.csproj", "{BD1DF4D2-57DC-4DD4-943C-78B7EC520A60}"
EndProject
Project("{9A19103F-16F7-4668-BE54-9A1E7A4F7556}") = "Kagami.Plots", "Source\Kagami.Plots\Kagami.Plots.csproj", "{EBC0F5C8-0473-4FF6-A289-0C157FA675BB}"
EndProject
Project("{9A19103F-16F7-4668-BE54-9A1E7A4F7556}") = "Kagami.Text", "Source\Kagami.Text\Kagami.Text.csproj", "{9FCE9451-CC2F-401D-B4FF-AD0D6D1954B7}"
EndProject
Global
	GlobalSection(SolutionConfigurationPlatforms) = preSolution
		Debug|Any CPU = Debug|Any CPU
		Release|Any CPU = Release|Any CPU
	EndGlobalSection
	GlobalSection(ProjectConfigurationPlatforms) = postSolution
		{CAB6B0FE-9E58-468A-B92A-AC0A0DE106A2}.Debug|Any CPU.ActiveCfg = Debug|Any CPU
		{CAB6B0FE-9E58-468A-B92A-AC0A0DE106A2}.Debug|Any CPU.Build.0 = Debug|Any CPU
		{CAB6B0FE-9E58-468A-B92A-AC0A0DE106A2}.Release|Any CPU.ActiveCfg = Release|Any CPU
		{CAB6B0FE-9E58-468A-B92A-AC0A0DE106A2}.Release|Any CPU.Build.0 = Release|Any CPU
		{1506FC9F-99BE-42CA-8131-8564C7C27C63}.Debug|Any CPU.ActiveCfg = Debug|Any CPU
		{1506FC9F-99BE-42CA-8131-8564C7C27C63}.Debug|Any CPU.Build.0 = Debug|Any CPU
		{1506FC9F-99BE-42CA-8131-8564C7C27C63}.Release|Any CPU.ActiveCfg = Release|Any CPU
		{1506FC9F-99BE-42CA-8131-8564C7C27C63}.Release|Any CPU.Build.0 = Release|Any CPU
		{BD63F325-2648-4AAC-B272-B8C6E136BC4C}.Debug|Any CPU.ActiveCfg = Debug|Any CPU
		{BD63F325-2648-4AAC-B272-B8C6E136BC4C}.Debug|Any CPU.Build.0 = Debug|Any CPU
		{BD63F325-2648-4AAC-B272-B8C6E136BC4C}.Release|Any CPU.ActiveCfg = Release|Any CPU
		{BD63F325-2648-4AAC-B272-B8C6E136BC4C}.Release|Any CPU.Build.0 = Release|Any CPU
		{EE16B29E-9FC8-4542-BD09-10A2B4265509}.Debug|Any CPU.ActiveCfg = Debug|Any CPU
		{EE16B29E-9FC8-4542-BD09-10A2B4265509}.Debug|Any CPU.Build.0 = Debug|Any CPU
		{EE16B29E-9FC8-4542-BD09-10A2B4265509}.Release|Any CPU.ActiveCfg = Release|Any CPU
		{EE16B29E-9FC8-4542-BD09-10A2B4265509}.Release|Any CPU.Build.0 = Release|Any CPU
		{052CECE8-1AA2-43EC-A215-327A0B8AB99D}.Debug|Any CPU.ActiveCfg = Debug|Any CPU
		{052CECE8-1AA2-43EC-A215-327A0B8AB99D}.Debug|Any CPU.Build.0 = Debug|Any CPU
		{052CECE8-1AA2-43EC-A215-327A0B8AB99D}.Release|Any CPU.ActiveCfg = Release|Any CPU
		{052CECE8-1AA2-43EC-A215-327A0B8AB99D}.Release|Any CPU.Build.0 = Release|Any CPU
		{BD1DF4D2-57DC-4DD4-943C-78B7EC520A60}.Debug|Any CPU.ActiveCfg = Debug|Any CPU
		{BD1DF4D2-57DC-4DD4-943C-78B7EC520A60}.Debug|Any CPU.Build.0 = Debug|Any CPU
		{BD1DF4D2-57DC-4DD4-943C-78B7EC520A60}.Release|Any CPU.ActiveCfg = Release|Any CPU
		{BD1DF4D2-57DC-4DD4-943C-78B7EC520A60}.Release|Any CPU.Build.0 = Release|Any CPU
		{EBC0F5C8-0473-4FF6-A289-0C157FA675BB}.Debug|Any CPU.ActiveCfg = Debug|Any CPU
		{EBC0F5C8-0473-4FF6-A289-0C157FA675BB}.Debug|Any CPU.Build.0 = Debug|Any CPU
		{EBC0F5C8-0473-4FF6-A289-0C157FA675BB}.Release|Any CPU.ActiveCfg = Release|Any CPU
		{EBC0F5C8-0473-4FF6-A289-0C157FA675BB}.Release|Any CPU.Build.0 = Release|Any CPU
		{9FCE9451-CC2F-401D-B4FF-AD0D6D1954B7}.Debug|Any CPU.ActiveCfg = Debug|Any CPU
		{9FCE9451-CC2F-401D-B4FF-AD0D6D1954B7}.Debug|Any CPU.Build.0 = Debug|Any CPU
		{9FCE9451-CC2F-401D-B4FF-AD0D6D1954B7}.Release|Any CPU.ActiveCfg = Release|Any CPU
		{9FCE9451-CC2F-401D-B4FF-AD0D6D1954B7}.Release|Any CPU.Build.0 = Release|Any CPU
	EndGlobalSection
	GlobalSection(SolutionProperties) = preSolution
		HideSolutionNode = FALSE
	EndGlobalSection
	GlobalSection(ExtensibilityGlobals) = postSolution
		SolutionGuid = {42E2072C-9C61-46BF-83B0-D3527A075217}
	EndGlobalSection
EndGlobal
