
Microsoft Visual Studio Solution File, Format Version 12.00
# Visual Studio 15
VisualStudioVersion = 15.0.27130.2026
MinimumVisualStudioVersion = 10.0.40219.1
Project("{FAE04EC0-301F-11D3-BF4B-00C04F79EFBC}") = "Kagami", "Kagami.csproj", "{CAB6B0FE-9E58-468A-B92A-AC0A0DE106A2}"
EndProject
Project("{FAE04EC0-301F-11D3-BF4B-00C04F79EFBC}") = "Kagami.Library", "Kagami.Library\Kagami.Library.csproj", "{BBF33B73-9D27-4CB7-AC3F-DF39B9A566B1}"
EndProject
Project("{FAE04EC0-301F-11D3-BF4B-00C04F79EFBC}") = "Kagami.Playground", "Kagami.Playground\Kagami.Playground.csproj", "{11BB8466-99A3-439C-8814-881105F84F4F}"
EndProject
Project("{FAE04EC0-301F-11D3-BF4B-00C04F79EFBC}") = "Kagami.Drawing", "Kagami.Drawing\Kagami.Drawing.csproj", "{992CA2AD-10DB-4DC6-9EF2-EB991C2B45FB}"
EndProject
Project("{FAE04EC0-301F-11D3-BF4B-00C04F79EFBC}") = "Kagami.Text", "Kagami.Text\Kagami.Text.csproj", "{0F7CC9F8-FD96-4F5D-94B3-F9EB6A415CB6}"
EndProject
Project("{FAE04EC0-301F-11D3-BF4B-00C04F79EFBC}") = "Kagami.Collections", "Kagami.Collections\Kagami.Collections.csproj", "{BD63F325-2648-4AAC-B272-B8C6E136BC4C}"
EndProject
Project("{FAE04EC0-301F-11D3-BF4B-00C04F79EFBC}") = "Kagami.IO", "Kagami.IO\Kagami.IO.csproj", "{7488FC4E-403C-45F6-9E71-EA7902B3C17A}"
EndProject
Project("{FAE04EC0-301F-11D3-BF4B-00C04F79EFBC}") = "Kagami.Awk", "Kagami.Awk\Kagami.Awk.csproj", "{813AE038-7D32-4D61-8262-912176D08EB8}"
EndProject
Project("{FAE04EC0-301F-11D3-BF4B-00C04F79EFBC}") = "Kagami.Plots", "Kagami.Plots\Kagami.Plots.csproj", "{60492EBA-8BB0-4E3C-855F-1ACF1EFEDA8C}"
EndProject
Global
	GlobalSection(SolutionConfigurationPlatforms) = preSolution
		Debug|Any CPU = Debug|Any CPU
		Release|Any CPU = Release|Any CPU
	EndGlobalSection
	GlobalSection(ProjectConfigurationPlatforms) = postSolution
		{CAB6B0FE-9E58-468A-B92A-AC0A0DE106A2}.Debug|Any CPU.ActiveCfg = Debug|Any CPU
		{CAB6B0FE-9E58-468A-B92A-AC0A0DE106A2}.Debug|Any CPU.Build.0 = Debug|Any CPU
		{CAB6B0FE-9E58-468A-B92A-AC0A0DE106A2}.Release|Any CPU.ActiveCfg = Release|Any CPU
		{CAB6B0FE-9E58-468A-B92A-AC0A0DE106A2}.Release|Any CPU.Build.0 = Release|Any CPU
		{BBF33B73-9D27-4CB7-AC3F-DF39B9A566B1}.Debug|Any CPU.ActiveCfg = Debug|Any CPU
		{BBF33B73-9D27-4CB7-AC3F-DF39B9A566B1}.Debug|Any CPU.Build.0 = Debug|Any CPU
		{BBF33B73-9D27-4CB7-AC3F-DF39B9A566B1}.Release|Any CPU.ActiveCfg = Release|Any CPU
		{BBF33B73-9D27-4CB7-AC3F-DF39B9A566B1}.Release|Any CPU.Build.0 = Release|Any CPU
		{11BB8466-99A3-439C-8814-881105F84F4F}.Debug|Any CPU.ActiveCfg = Debug|Any CPU
		{11BB8466-99A3-439C-8814-881105F84F4F}.Debug|Any CPU.Build.0 = Debug|Any CPU
		{11BB8466-99A3-439C-8814-881105F84F4F}.Release|Any CPU.ActiveCfg = Release|Any CPU
		{11BB8466-99A3-439C-8814-881105F84F4F}.Release|Any CPU.Build.0 = Release|Any CPU
		{992CA2AD-10DB-4DC6-9EF2-EB991C2B45FB}.Debug|Any CPU.ActiveCfg = Debug|Any CPU
		{992CA2AD-10DB-4DC6-9EF2-EB991C2B45FB}.Debug|Any CPU.Build.0 = Debug|Any CPU
		{992CA2AD-10DB-4DC6-9EF2-EB991C2B45FB}.Release|Any CPU.ActiveCfg = Release|Any CPU
		{992CA2AD-10DB-4DC6-9EF2-EB991C2B45FB}.Release|Any CPU.Build.0 = Release|Any CPU
		{0F7CC9F8-FD96-4F5D-94B3-F9EB6A415CB6}.Debug|Any CPU.ActiveCfg = Debug|Any CPU
		{0F7CC9F8-FD96-4F5D-94B3-F9EB6A415CB6}.Debug|Any CPU.Build.0 = Debug|Any CPU
		{0F7CC9F8-FD96-4F5D-94B3-F9EB6A415CB6}.Release|Any CPU.ActiveCfg = Release|Any CPU
		{0F7CC9F8-FD96-4F5D-94B3-F9EB6A415CB6}.Release|Any CPU.Build.0 = Release|Any CPU
		{BD63F325-2648-4AAC-B272-B8C6E136BC4C}.Debug|Any CPU.ActiveCfg = Debug|Any CPU
		{BD63F325-2648-4AAC-B272-B8C6E136BC4C}.Debug|Any CPU.Build.0 = Debug|Any CPU
		{BD63F325-2648-4AAC-B272-B8C6E136BC4C}.Release|Any CPU.ActiveCfg = Release|Any CPU
		{BD63F325-2648-4AAC-B272-B8C6E136BC4C}.Release|Any CPU.Build.0 = Release|Any CPU
		{7488FC4E-403C-45F6-9E71-EA7902B3C17A}.Debug|Any CPU.ActiveCfg = Debug|Any CPU
		{7488FC4E-403C-45F6-9E71-EA7902B3C17A}.Debug|Any CPU.Build.0 = Debug|Any CPU
		{7488FC4E-403C-45F6-9E71-EA7902B3C17A}.Release|Any CPU.ActiveCfg = Release|Any CPU
		{7488FC4E-403C-45F6-9E71-EA7902B3C17A}.Release|Any CPU.Build.0 = Release|Any CPU
		{813AE038-7D32-4D61-8262-912176D08EB8}.Debug|Any CPU.ActiveCfg = Debug|Any CPU
		{813AE038-7D32-4D61-8262-912176D08EB8}.Debug|Any CPU.Build.0 = Debug|Any CPU
		{813AE038-7D32-4D61-8262-912176D08EB8}.Release|Any CPU.ActiveCfg = Release|Any CPU
		{813AE038-7D32-4D61-8262-912176D08EB8}.Release|Any CPU.Build.0 = Release|Any CPU
		{60492EBA-8BB0-4E3C-855F-1ACF1EFEDA8C}.Debug|Any CPU.ActiveCfg = Debug|Any CPU
		{60492EBA-8BB0-4E3C-855F-1ACF1EFEDA8C}.Debug|Any CPU.Build.0 = Debug|Any CPU
		{60492EBA-8BB0-4E3C-855F-1ACF1EFEDA8C}.Release|Any CPU.ActiveCfg = Release|Any CPU
		{60492EBA-8BB0-4E3C-855F-1ACF1EFEDA8C}.Release|Any CPU.Build.0 = Release|Any CPU
	EndGlobalSection
	GlobalSection(SolutionProperties) = preSolution
		HideSolutionNode = FALSE
	EndGlobalSection
	GlobalSection(ExtensibilityGlobals) = postSolution
		SolutionGuid = {42E2072C-9C61-46BF-83B0-D3527A075217}
	EndGlobalSection
EndGlobal
